
Microsoft Visual Studio Solution File, Format Version 12.00
Project("{FAE04EC0-301F-11D3-BF4B-00C04F79EFBC}") = "StreamDb", "StreamDb.csproj", "{A56404DC-A41C-40E3-8130-1DE5E5A58AAF}"
EndProject
Project("{2150E333-8FDC-42A3-9474-1A3956D46DE8}") = "Solution Items", "Solution Items", "{9E038376-8057-4932-9036-1D7792E4B186}"
	ProjectSection(SolutionItems) = preProject
		compose.yaml = compose.yaml
	EndProjectSection
EndProject
Global
	GlobalSection(SolutionConfigurationPlatforms) = preSolution
		Debug|Any CPU = Debug|Any CPU
		Release|Any CPU = Release|Any CPU
	EndGlobalSection
	GlobalSection(ProjectConfigurationPlatforms) = postSolution
		{A56404DC-A41C-40E3-8130-1DE5E5A58AAF}.Debug|Any CPU.ActiveCfg = Debug|Any CPU
		{A56404DC-A41C-40E3-8130-1DE5E5A58AAF}.Debug|Any CPU.Build.0 = Debug|Any CPU
		{A56404DC-A41C-40E3-8130-1DE5E5A58AAF}.Release|Any CPU.ActiveCfg = Release|Any CPU
		{A56404DC-A41C-40E3-8130-1DE5E5A58AAF}.Release|Any CPU.Build.0 = Release|Any CPU
	EndGlobalSection
EndGlobal
